{
  "name": "ReceptHanterare",
  "lockfileVersion": 2,
  "requires": true,
  "packages": {
    "": {
      "dependencies": {
        "mongod": "^2.0.0"
      }
    },
    "node_modules/mongod": {
      "version": "2.0.0",
      "resolved": "https://registry.npmjs.org/mongod/-/mongod-2.0.0.tgz",
      "integrity": "sha1-zuxLcjBRkOhdb4+smS8VpH6xjHQ=",
      "dependencies": {
        "promise-queue": "^2.2.3"
      }
    },
    "node_modules/promise-queue": {
      "version": "2.2.5",
      "resolved": "https://registry.npmjs.org/promise-queue/-/promise-queue-2.2.5.tgz",
      "integrity": "sha1-L29ffA9tCBCelnZZx5uIqe1ek7Q=",
      "engines": {
        "node": ">= 0.8.0"
      }
    }
  },
  "dependencies": {
    "mongod": {
      "version": "2.0.0",
      "resolved": "https://registry.npmjs.org/mongod/-/mongod-2.0.0.tgz",
      "integrity": "sha1-zuxLcjBRkOhdb4+smS8VpH6xjHQ=",
      "requires": {
        "promise-queue": "^2.2.3"
      }
    },
    "promise-queue": {
      "version": "2.2.5",
      "resolved": "https://registry.npmjs.org/promise-queue/-/promise-queue-2.2.5.tgz",
      "integrity": "sha1-L29ffA9tCBCelnZZx5uIqe1ek7Q="
    }
  }
}
